// !$*UTF8*$!
{
	archiveVersion = 1;
	classes = {
	};
	objectVersion = 50;
	objects = {

/* Begin PBXBuildFile section */
		36D9AB1023E2949E00A27764 /* AppDelegate.swift in Sources */ = {isa = PBXBuildFile; fileRef = 36D9AB0F23E2949E00A27764 /* AppDelegate.swift */; };
		36D9AB1223E2949E00A27764 /* SceneDelegate.swift in Sources */ = {isa = PBXBuildFile; fileRef = 36D9AB1123E2949E00A27764 /* SceneDelegate.swift */; };
		36D9AB1423E2949E00A27764 /* ViewController.swift in Sources */ = {isa = PBXBuildFile; fileRef = 36D9AB1323E2949E00A27764 /* ViewController.swift */; };
		36D9AB1723E2949E00A27764 /* Main.storyboard in Resources */ = {isa = PBXBuildFile; fileRef = 36D9AB1523E2949E00A27764 /* Main.storyboard */; };
		36D9AB1A23E2949E00A27764 /* login_detail.xcdatamodeld in Sources */ = {isa = PBXBuildFile; fileRef = 36D9AB1823E2949E00A27764 /* login_detail.xcdatamodeld */; };
		36D9AB1C23E294A100A27764 /* Assets.xcassets in Resources */ = {isa = PBXBuildFile; fileRef = 36D9AB1B23E294A100A27764 /* Assets.xcassets */; };
		36D9AB1F23E294A100A27764 /* LaunchScreen.storyboard in Resources */ = {isa = PBXBuildFile; fileRef = 36D9AB1D23E294A100A27764 /* LaunchScreen.storyboard */; };
/* End PBXBuildFile section */

/* Begin PBXFileReference section */
		36D9AB0C23E2949E00A27764 /* login detail.app */ = {isa = PBXFileReference; explicitFileType = wrapper.application; includeInIndex = 0; path = "login detail.app"; sourceTree = BUILT_PRODUCTS_DIR; };
		36D9AB0F23E2949E00A27764 /* AppDelegate.swift */ = {isa = PBXFileReference; lastKnownFileType = sourcecode.swift; path = AppDelegate.swift; sourceTree = "<group>"; };
		36D9AB1123E2949E00A27764 /* SceneDelegate.swift */ = {isa = PBXFileReference; lastKnownFileType = sourcecode.swift; path = SceneDelegate.swift; sourceTree = "<group>"; };
		36D9AB1323E2949E00A27764 /* ViewController.swift */ = {isa = PBXFileReference; lastKnownFileType = sourcecode.swift; path = ViewController.swift; sourceTree = "<group>"; };
		36D9AB1623E2949E00A27764 /* Base */ = {isa = PBXFileReference; lastKnownFileType = file.storyboard; name = Base; path = Base.lproj/Main.storyboard; sourceTree = "<group>"; };
		36D9AB1923E2949E00A27764 /* login_detail.xcdatamodel */ = {isa = PBXFileReference; lastKnownFileType = wrapper.xcdatamodel; path = login_detail.xcdatamodel; sourceTree = "<group>"; };
		36D9AB1B23E294A100A27764 /* Assets.xcassets */ = {isa = PBXFileReference; lastKnownFileType = folder.assetcatalog; path = Assets.xcassets; sourceTree = "<group>"; };
		36D9AB1E23E294A100A27764 /* Base */ = {isa = PBXFileReference; lastKnownFileType = file.storyboard; name = Base; path = Base.lproj/LaunchScreen.storyboard; sourceTree = "<group>"; };
		36D9AB2023E294A100A27764 /* Info.plist */ = {isa = PBXFileReference; lastKnownFileType = text.plist.xml; path = Info.plist; sourceTree = "<group>"; };
/* End PBXFileReference section */

/* Begin PBXFrameworksBuildPhase section */
		36D9AB0923E2949E00A27764 /* Frameworks */ = {
			isa = PBXFrameworksBuildPhase;
			buildActionMask = 2147483647;
			files = (
			);
			runOnlyForDeploymentPostprocessing = 0;
		};
/* End PBXFrameworksBuildPhase section */

/* Begin PBXGroup section */
		36D9AB0323E2949E00A27764 = {
			isa = PBXGroup;
			children = (
				36D9AB0E23E2949E00A27764 /* login detail */,
				36D9AB0D23E2949E00A27764 /* Products */,
			);
			sourceTree = "<group>";
		};
		36D9AB0D23E2949E00A27764 /* Products */ = {
			isa = PBXGroup;
			children = (
				36D9AB0C23E2949E00A27764 /* login detail.app */,
			);
			name = Products;
			sourceTree = "<group>";
		};
		36D9AB0E23E2949E00A27764 /* login detail */ = {
			isa = PBXGroup;
			children = (
				36D9AB0F23E2949E00A27764 /* AppDelegate.swift */,
				36D9AB1123E2949E00A27764 /* SceneDelegate.swift */,
				36D9AB1323E2949E00A27764 /* ViewController.swift */,
				36D9AB1523E2949E00A27764 /* Main.storyboard */,
				36D9AB1B23E294A100A27764 /* Assets.xcassets */,
				36D9AB1D23E294A100A27764 /* LaunchScreen.storyboard */,
				36D9AB2023E294A100A27764 /* Info.plist */,
				36D9AB1823E2949E00A27764 /* login_detail.xcdatamodeld */,
			);
			path = "login detail";
			sourceTree = "<group>";
		};
/* End PBXGroup section */

/* Begin PBXNativeTarget section */
		36D9AB0B23E2949E00A27764 /* login detail */ = {
			isa = PBXNativeTarget;
			buildConfigurationList = 36D9AB2323E294A100A27764 /* Build configuration list for PBXNativeTarget "login detail" */;
			buildPhases = (
				36D9AB0823E2949E00A27764 /* Sources */,
				36D9AB0923E2949E00A27764 /* Frameworks */,
				36D9AB0A23E2949E00A27764 /* Resources */,
			);
			buildRules = (
			);
			dependencies = (
			);
			name = "login detail";
			productName = "login detail";
			productReference = 36D9AB0C23E2949E00A27764 /* login detail.app */;
			productType = "com.apple.product-type.application";
		};
/* End PBXNativeTarget section */

/* Begin PBXProject section */
		36D9AB0423E2949E00A27764 /* Project object */ = {
			isa = PBXProject;
			attributes = {
				LastSwiftUpdateCheck = 1130;
				LastUpgradeCheck = 1130;
				ORGANIZATIONNAME = "Ajay Vandra";
				TargetAttributes = {
					36D9AB0B23E2949E00A27764 = {
						CreatedOnToolsVersion = 11.3;
					};
				};
			};
			buildConfigurationList = 36D9AB0723E2949E00A27764 /* Build configuration list for PBXProject "login detail" */;
			compatibilityVersion = "Xcode 9.3";
			developmentRegion = en;
			hasScannedForEncodings = 0;
			knownRegions = (
				en,
				Base,
			);
			mainGroup = 36D9AB0323E2949E00A27764;
			productRefGroup = 36D9AB0D23E2949E00A27764 /* Products */;
			projectDirPath = "";
			projectRoot = "";
			targets = (
				36D9AB0B23E2949E00A27764 /* login detail */,
			);
		};
/* End PBXProject section */

/* Begin PBXResourcesBuildPhase section */
		36D9AB0A23E2949E00A27764 /* Resources */ = {
			isa = PBXResourcesBuildPhase;
			buildActionMask = 2147483647;
			files = (
				36D9AB1F23E294A100A27764 /* LaunchScreen.storyboard in Resources */,
				36D9AB1C23E294A100A27764 /* Assets.xcassets in Resources */,
				36D9AB1723E2949E00A27764 /* Main.storyboard in Resources */,
			);
			runOnlyForDeploymentPostprocessing = 0;
		};
/* End PBXResourcesBuildPhase section */

/* Begin PBXSourcesBuildPhase section */
		36D9AB0823E2949E00A27764 /* Sources */ = {
			isa = PBXSourcesBuildPhase;
			buildActionMask = 2147483647;
			files = (
				36D9AB1A23E2949E00A27764 /* login_detail.xcdatamodeld in Sources */,
				36D9AB1423E2949E00A27764 /* ViewController.swift in Sources */,
				36D9AB1023E2949E00A27764 /* AppDelegate.swift in Sources */,
				36D9AB1223E2949E00A27764 /* SceneDelegate.swift in Sources */,
			);
			runOnlyForDeploymentPostprocessing = 0;
		};
/* End PBXSourcesBuildPhase section */

/* Begin PBXVariantGroup section */
		36D9AB1523E2949E00A27764 /* Main.storyboard */ = {
			isa = PBXVariantGroup;
			children = (
				36D9AB1623E2949E00A27764 /* Base */,
			);
			name = Main.storyboard;
			sourceTree = "<group>";
		};
		36D9AB1D23E294A100A27764 /* LaunchScreen.storyboard */ = {
			isa = PBXVariantGroup;
			children = (
				36D9AB1E23E294A100A27764 /* Base */,
			);
			name = LaunchScreen.storyboard;
			sourceTree = "<group>";
		};
/* End PBXVariantGroup section */

/* Begin XCBuildConfiguration section */
		36D9AB2123E294A100A27764 /* Debug */ = {
			isa = XCBuildConfiguration;
			buildSettings = {
				ALWAYS_SEARCH_USER_PATHS = NO;
				CLANG_ANALYZER_NONNULL = YES;
				CLANG_ANALYZER_NUMBER_OBJECT_CONVERSION = YES_AGGRESSIVE;
				CLANG_CXX_LANGUAGE_STANDARD = "gnu++14";
				CLANG_CXX_LIBRARY = "libc++";
				CLANG_ENABLE_MODULES = YES;
				CLANG_ENABLE_OBJC_ARC = YES;
				CLANG_ENABLE_OBJC_WEAK = YES;
				CLANG_WARN_BLOCK_CAPTURE_AUTORELEASING = YES;
				CLANG_WARN_BOOL_CONVERSION = YES;
				CLANG_WARN_COMMA = YES;
				CLANG_WARN_CONSTANT_CONVERSION = YES;
				CLANG_WARN_DEPRECATED_OBJC_IMPLEMENTATIONS = YES;
				CLANG_WARN_DIRECT_OBJC_ISA_USAGE = YES_ERROR;
				CLANG_WARN_DOCUMENTATION_COMMENTS = YES;
				CLANG_WARN_EMPTY_BODY = YES;
				CLANG_WARN_ENUM_CONVERSION = YES;
				CLANG_WARN_INFINITE_RECURSION = YES;
				CLANG_WARN_INT_CONVERSION = YES;
				CLANG_WARN_NON_LITERAL_NULL_CONVERSION = YES;
				CLANG_WARN_OBJC_IMPLICIT_RETAIN_SELF = YES;
				CLANG_WARN_OBJC_LITERAL_CONVERSION = YES;
				CLANG_WARN_OBJC_ROOT_CLASS = YES_ERROR;
				CLANG_WARN_RANGE_LOOP_ANALYSIS = YES;
				CLANG_WARN_STRICT_PROTOTYPES = YES;
				CLANG_WARN_SUSPICIOUS_MOVE = YES;
				CLANG_WARN_UNGUARDED_AVAILABILITY = YES_AGGRESSIVE;
				CLANG_WARN_UNREACHABLE_CODE = YES;
				CLANG_WARN__DUPLICATE_METHOD_MATCH = YES;
				COPY_PHASE_STRIP = NO;
				DEBUG_INFORMATION_FORMAT = dwarf;
				ENABLE_STRICT_OBJC_MSGSEND = YES;
				ENABLE_TESTABILITY = YES;
				GCC_C_LANGUAGE_STANDARD = gnu11;
				GCC_DYNAMIC_NO_PIC = NO;
				GCC_NO_COMMON_BLOCKS = YES;
				GCC_OPTIMIZATION_LEVEL = 0;
				GCC_PREPROCESSOR_DEFINITIONS = (
					"DEBUG=1",
					"$(inherited)",
				);
				GCC_WARN_64_TO_32_BIT_CONVERSION = YES;
				GCC_WARN_ABOUT_RETURN_TYPE = YES_ERROR;
				GCC_WARN_UNDECLARED_SELECTOR = YES;
				GCC_WARN_UNINITIALIZED_AUTOS = YES_AGGRESSIVE;
				GCC_WARN_UNUSED_FUNCTION = YES;
				GCC_WARN_UNUSED_VARIABLE = YES;
				IPHONEOS_DEPLOYMENT_TARGET = 13.2;
				MTL_ENABLE_DEBUG_INFO = INCLUDE_SOURCE;
				MTL_FAST_MATH = YES;
				ONLY_ACTIVE_ARCH = YES;
				SDKROOT = iphoneos;
				SWIFT_ACTIVE_COMPILATION_CONDITIONS = DEBUG;
				SWIFT_OPTIMIZATION_LEVEL = "-Onone";
			};
			name = Debug;
		};
		36D9AB2223E294A100A27764 /* Release */ = {
			isa = XCBuildConfiguration;
			buildSettings = {
				ALWAYS_SEARCH_USER_PATHS = NO;
				CLANG_ANALYZER_NONNULL = YES;
				CLANG_ANALYZER_NUMBER_OBJECT_CONVERSION = YES_AGGRESSIVE;
				CLANG_CXX_LANGUAGE_STANDARD = "gnu++14";
				CLANG_CXX_LIBRARY = "libc++";
				CLANG_ENABLE_MODULES = YES;
				CLANG_ENABLE_OBJC_ARC = YES;
				CLANG_ENABLE_OBJC_WEAK = YES;
				CLANG_WARN_BLOCK_CAPTURE_AUTORELEASING = YES;
				CLANG_WARN_BOOL_CONVERSION = YES;
				CLANG_WARN_COMMA = YES;
				CLANG_WARN_CONSTANT_CONVERSION = YES;
				CLANG_WARN_DEPRECATED_OBJC_IMPLEMENTATIONS = YES;
				CLANG_WARN_DIRECT_OBJC_ISA_USAGE = YES_ERROR;
				CLANG_WARN_DOCUMENTATION_COMMENTS = YES;
				CLANG_WARN_EMPTY_BODY = YES;
				CLANG_WARN_ENUM_CONVERSION = YES;
				CLANG_WARN_INFINITE_RECURSION = YES;
				CLANG_WARN_INT_CONVERSION = YES;
				CLANG_WARN_NON_LITERAL_NULL_CONVERSION = YES;
				CLANG_WARN_OBJC_IMPLICIT_RETAIN_SELF = YES;
				CLANG_WARN_OBJC_LITERAL_CONVERSION = YES;
				CLANG_WARN_OBJC_ROOT_CLASS = YES_ERROR;
				CLANG_WARN_RANGE_LOOP_ANALYSIS = YES;
				CLANG_WARN_STRICT_PROTOTYPES = YES;
				CLANG_WARN_SUSPICIOUS_MOVE = YES;
				CLANG_WARN_UNGUARDED_AVAILABILITY = YES_AGGRESSIVE;
				CLANG_WARN_UNREACHABLE_CODE = YES;
				CLANG_WARN__DUPLICATE_METHOD_MATCH = YES;
				COPY_PHASE_STRIP = NO;
				DEBUG_INFORMATION_FORMAT = "dwarf-with-dsym";
				ENABLE_NS_ASSERTIONS = NO;
				ENABLE_STRICT_OBJC_MSGSEND = YES;
				GCC_C_LANGUAGE_STANDARD = gnu11;
				GCC_NO_COMMON_BLOCKS = YES;
				GCC_WARN_64_TO_32_BIT_CONVERSION = YES;
				GCC_WARN_ABOUT_RETURN_TYPE = YES_ERROR;
				GCC_WARN_UNDECLARED_SELECTOR = YES;
				GCC_WARN_UNINITIALIZED_AUTOS = YES_AGGRESSIVE;
				GCC_WARN_UNUSED_FUNCTION = YES;
				GCC_WARN_UNUSED_VARIABLE = YES;
				IPHONEOS_DEPLOYMENT_TARGET = 13.2;
				MTL_ENABLE_DEBUG_INFO = NO;
				MTL_FAST_MATH = YES;
				SDKROOT = iphoneos;
				SWIFT_COMPILATION_MODE = wholemodule;
				SWIFT_OPTIMIZATION_LEVEL = "-O";
				VALIDATE_PRODUCT = YES;
			};
			name = Release;
		};
		36D9AB2423E294A100A27764 /* Debug */ = {
			isa = XCBuildConfiguration;
			buildSettings = {
				ASSETCATALOG_COMPILER_APPICON_NAME = AppIcon;
				CODE_SIGN_STYLE = Automatic;
				INFOPLIST_FILE = "login detail/Info.plist";
				LD_RUNPATH_SEARCH_PATHS = (
					"$(inherited)",
					"@executable_path/Frameworks",
				);
				PRODUCT_BUNDLE_IDENTIFIER = "com.saview.login-detail";
				PRODUCT_NAME = "$(TARGET_NAME)";
				SWIFT_VERSION = 5.0;
				TARGETED_DEVICE_FAMILY = "1,2";
			};
			name = Debug;
		};
		36D9AB2523E294A100A27764 /* Release */ = {
			isa = XCBuildConfiguration;
			buildSettings = {
				ASSETCATALOG_COMPILER_APPICON_NAME = AppIcon;
				CODE_SIGN_STYLE = Automatic;
				INFOPLIST_FILE = "login detail/Info.plist";
				LD_RUNPATH_SEARCH_PATHS = (
					"$(inherited)",
					"@executable_path/Frameworks",
				);
				PRODUCT_BUNDLE_IDENTIFIER = "com.saview.login-detail";
				PRODUCT_NAME = "$(TARGET_NAME)";
				SWIFT_VERSION = 5.0;
				TARGETED_DEVICE_FAMILY = "1,2";
			};
			name = Release;
		};
/* End XCBuildConfiguration section */

/* Begin XCConfigurationList section */
		36D9AB0723E2949E00A27764 /* Build configuration list for PBXProject "login detail" */ = {
			isa = XCConfigurationList;
			buildConfigurations = (
				36D9AB2123E294A100A27764 /* Debug */,
				36D9AB2223E294A100A27764 /* Release */,
			);
			defaultConfigurationIsVisible = 0;
			defaultConfigurationName = Release;
		};
		36D9AB2323E294A100A27764 /* Build configuration list for PBXNativeTarget "login detail" */ = {
			isa = XCConfigurationList;
			buildConfigurations = (
				36D9AB2423E294A100A27764 /* Debug */,
				36D9AB2523E294A100A27764 /* Release */,
			);
			defaultConfigurationIsVisible = 0;
			defaultConfigurationName = Release;
		};
/* End XCConfigurationList section */

/* Begin XCVersionGroup section */
		36D9AB1823E2949E00A27764 /* login_detail.xcdatamodeld */ = {
			isa = XCVersionGroup;
			children = (
				36D9AB1923E2949E00A27764 /* login_detail.xcdatamodel */,
			);
			currentVersion = 36D9AB1923E2949E00A27764 /* login_detail.xcdatamodel */;
			path = login_detail.xcdatamodeld;
			sourceTree = "<group>";
			versionGroupType = wrapper.xcdatamodel;
		};
/* End XCVersionGroup section */
	};
	rootObject = 36D9AB0423E2949E00A27764 /* Project object */;
}
